Microsoft Visual Studio Solution File, Format Version 12.00
# Visual Studio Version 17
VisualStudioVersion = 17.2.32602.215
MinimumVisualStudioVersion = 10.0.40219.1
Project("{8BC9CEB8-8B4A-11D0-8D11-00A0C91BC942}") = "SchedulerUnitTests", "SchedulerUnitTests\SchedulerUnitTests.vcxproj", "{4128D55C-7386-4209-8198-7F7F271B5B3E}"
EndProject
Project("{8BC9CEB8-8B4A-11D0-8D11-00A0C91BC942}") = "SchedulerProject", "SchedulerProject\SchedulerProject.vcxproj", "{72B29BBB-0AAD-4970-9FD4-8826C90BF0B7}"
EndProject
Global
	GlobalSection(SolutionConfigurationPlatforms) = preSolution
		Debug|x64 = Debug|x64
		Debug|x86 = Debug|x86
		Release|x64 = Release|x64
		Release|x86 = Release|x86
	EndGlobalSection
	GlobalSection(ProjectConfigurationPlatforms) = postSolution
		{4128D55C-7386-4209-8198-7F7F271B5B3E}.Debug|x64.ActiveCfg = Debug|x64
		{4128D55C-7386-4209-8198-7F7F271B5B3E}.Debug|x64.Build.0 = Debug|x64
		{4128D55C-7386-4209-8198-7F7F271B5B3E}.Debug|x86.ActiveCfg = Debug|Win32
		{4128D55C-7386-4209-8198-7F7F271B5B3E}.Debug|x86.Build.0 = Debug|Win32
		{4128D55C-7386-4209-8198-7F7F271B5B3E}.Release|x64.ActiveCfg = Release|x64
		{4128D55C-7386-4209-8198-7F7F271B5B3E}.Release|x64.Build.0 = Release|x64
		{4128D55C-7386-4209-8198-7F7F271B5B3E}.Release|x86.ActiveCfg = Release|Win32
		{4128D55C-7386-4209-8198-7F7F271B5B3E}.Release|x86.Build.0 = Release|Win32
		{72B29BBB-0AAD-4970-9FD4-8826C90BF0B7}.Debug|x64.ActiveCfg = Debug|x64
		{72B29BBB-0AAD-4970-9FD4-8826C90BF0B7}.Debug|x64.Build.0 = Debug|x64
		{72B29BBB-0AAD-4970-9FD4-8826C90BF0B7}.Debug|x86.ActiveCfg = Debug|Win32
		{72B29BBB-0AAD-4970-9FD4-8826C90BF0B7}.Debug|x86.Build.0 = Debug|Win32
		{72B29BBB-0AAD-4970-9FD4-8826C90BF0B7}.Release|x64.ActiveCfg = Release|x64
		{72B29BBB-0AAD-4970-9FD4-8826C90BF0B7}.Release|x64.Build.0 = Release|x64
		{72B29BBB-0AAD-4970-9FD4-8826C90BF0B7}.Release|x86.ActiveCfg = Release|Win32
		{72B29BBB-0AAD-4970-9FD4-8826C90BF0B7}.Release|x86.Build.0 = Release|Win32
	EndGlobalSection
	GlobalSection(SolutionProperties) = preSolution
		HideSolutionNode = FALSE
	EndGlobalSection
	GlobalSection(ExtensibilityGlobals) = postSolution
		SolutionGuid = {FB801BD0-7A89-4F95-8A14-8EE5021EEF06}
	EndGlobalSection
EndGlobal
