<?xml version="1.0" encoding="utf-8"?>
<Project ToolsVersion="4.0" xmlns="http://schemas.microsoft.com/developer/msbuild/2003">
  <ItemGroup>
    <ClCompile Include="MultiLevelQueue.cpp" />
    <ClCompile Include="FCFSSchedule.cpp" />
    <ClCompile Include="Logger.cpp" />
    <ClCompile Include="PrioritySchedule.cpp" />
    <ClCompile Include="ScheduleMethod.cpp" />
    <ClCompile Include="Task.cpp" />
    <ClCompile Include="main.cpp" />
    <ClCompile Include="Scheduler.cpp" />
  </ItemGroup>
  <ItemGroup>
    <ClInclude Include="Timer.h" />
    <ClInclude Include="FCFSSchedule.h" />
    <ClInclude Include="Logger.h" />
    <ClInclude Include="LogRecord.h" />
    <ClInclude Include="PrioritySchedule.h" />
    <ClInclude Include="Task.h" />
    <ClInclude Include="LinkedList.h" />
    <ClInclude Include="Node.h" />
    <ClInclude Include="Queue.h" />
    <ClInclude Include="MaxHeap.h" />
    <ClInclude Include="ScheduleMethod.h" />
    <ClInclude Include="MultiLevelQueue.h" />
    <ClInclude Include="Scheduler.h" />
    <ClInclude Include="constDefinitions.h" />
  </ItemGroup>
  <ItemGroup>
    <None Include="SchedulerProject.vcxproj.user" />
  </ItemGroup>
</Project>